
Microsoft Visual Studio Solution File, Format Version 12.00
# Visual Studio Version 17
VisualStudioVersion = 17.3.32825.248
MinimumVisualStudioVersion = 10.0.40219.1
Project("{9A19103F-16F7-4668-BE54-9A1E7A4F7556}") = "AdventOfCode.D1", "AdventOfCode.D1\AdventOfCode.D1.csproj", "{CFF74C89-F89B-4810-8200-AB051DFFEC12}"
EndProject
Project("{FAE04EC0-301F-11D3-BF4B-00C04F79EFBC}") = "AdventOfCode.D2", "AdventOfCode.D2\AdventOfCode.D2.csproj", "{665650D8-9099-4D37-92F3-83AD892371E8}"
EndProject
Global
	GlobalSection(SolutionConfigurationPlatforms) = preSolution
		Debug|Any CPU = Debug|Any CPU
		Release|Any CPU = Release|Any CPU
	EndGlobalSection
	GlobalSection(ProjectConfigurationPlatforms) = postSolution
		{CFF74C89-F89B-4810-8200-AB051DFFEC12}.Debug|Any CPU.ActiveCfg = Debug|Any CPU
		{CFF74C89-F89B-4810-8200-AB051DFFEC12}.Debug|Any CPU.Build.0 = Debug|Any CPU
		{CFF74C89-F89B-4810-8200-AB051DFFEC12}.Release|Any CPU.ActiveCfg = Release|Any CPU
		{CFF74C89-F89B-4810-8200-AB051DFFEC12}.Release|Any CPU.Build.0 = Release|Any CPU
		{665650D8-9099-4D37-92F3-83AD892371E8}.Debug|Any CPU.ActiveCfg = Debug|Any CPU
		{665650D8-9099-4D37-92F3-83AD892371E8}.Debug|Any CPU.Build.0 = Debug|Any CPU
		{665650D8-9099-4D37-92F3-83AD892371E8}.Release|Any CPU.ActiveCfg = Release|Any CPU
		{665650D8-9099-4D37-92F3-83AD892371E8}.Release|Any CPU.Build.0 = Release|Any CPU
	EndGlobalSection
	GlobalSection(SolutionProperties) = preSolution
		HideSolutionNode = FALSE
	EndGlobalSection
	GlobalSection(ExtensibilityGlobals) = postSolution
		SolutionGuid = {60948AD6-2E86-4C1D-AB28-215533021B31}
	EndGlobalSection
EndGlobal
